
Microsoft Visual Studio Solution File, Format Version 12.00
# Visual Studio Version 17
VisualStudioVersion = 17.9.34622.214
MinimumVisualStudioVersion = 10.0.40219.1
Project("{FAE04EC0-301F-11D3-BF4B-00C04F79EFBC}") = "FuelMaster.HeadOffice", "FuelMaster.HeadOffice\FuelMaster.HeadOffice.csproj", "{6A906524-C8A2-4F43-8C59-6F019DCA11FC}"
EndProject
Project("{FAE04EC0-301F-11D3-BF4B-00C04F79EFBC}") = "FuelMaster.HeadOffice.Core", "FuelMaster.HeadOffice.Core\FuelMaster.HeadOffice.Core.csproj", "{9448D0DE-7AFA-468A-BE52-6925CFB97C46}"
EndProject
Project("{FAE04EC0-301F-11D3-BF4B-00C04F79EFBC}") = "FuelMaster.HeadOffice.Infrastructure", "FuelMaster.HeadOffice.Infrastructure\FuelMaster.HeadOffice.Infrastructure.csproj", "{D5A77716-FA55-4CDC-9FE9-5BEE487A52A1}"
EndProject
Project("{FAE04EC0-301F-11D3-BF4B-00C04F79EFBC}") = "FuelMaster.HeadOffice.ApplicationService", "FuelMaster.HeadOffice.ApplicationService\FuelMaster.HeadOffice.ApplicationService.csproj", "{8DE80399-7715-4183-8065-EC6474C38135}"
EndProject
Global
	GlobalSection(SolutionConfigurationPlatforms) = preSolution
		Debug|Any CPU = Debug|Any CPU
		Release|Any CPU = Release|Any CPU
	EndGlobalSection
	GlobalSection(ProjectConfigurationPlatforms) = postSolution
		{6A906524-C8A2-4F43-8C59-6F019DCA11FC}.Debug|Any CPU.ActiveCfg = Debug|Any CPU
		{6A906524-C8A2-4F43-8C59-6F019DCA11FC}.Debug|Any CPU.Build.0 = Debug|Any CPU
		{6A906524-C8A2-4F43-8C59-6F019DCA11FC}.Release|Any CPU.ActiveCfg = Release|Any CPU
		{6A906524-C8A2-4F43-8C59-6F019DCA11FC}.Release|Any CPU.Build.0 = Release|Any CPU
		{9448D0DE-7AFA-468A-BE52-6925CFB97C46}.Debug|Any CPU.ActiveCfg = Debug|Any CPU
		{9448D0DE-7AFA-468A-BE52-6925CFB97C46}.Debug|Any CPU.Build.0 = Debug|Any CPU
		{9448D0DE-7AFA-468A-BE52-6925CFB97C46}.Release|Any CPU.ActiveCfg = Release|Any CPU
		{9448D0DE-7AFA-468A-BE52-6925CFB97C46}.Release|Any CPU.Build.0 = Release|Any CPU
		{D5A77716-FA55-4CDC-9FE9-5BEE487A52A1}.Debug|Any CPU.ActiveCfg = Debug|Any CPU
		{D5A77716-FA55-4CDC-9FE9-5BEE487A52A1}.Debug|Any CPU.Build.0 = Debug|Any CPU
		{D5A77716-FA55-4CDC-9FE9-5BEE487A52A1}.Release|Any CPU.ActiveCfg = Release|Any CPU
		{D5A77716-FA55-4CDC-9FE9-5BEE487A52A1}.Release|Any CPU.Build.0 = Release|Any CPU
		{8DE80399-7715-4183-8065-EC6474C38135}.Debug|Any CPU.ActiveCfg = Debug|Any CPU
		{8DE80399-7715-4183-8065-EC6474C38135}.Debug|Any CPU.Build.0 = Debug|Any CPU
		{8DE80399-7715-4183-8065-EC6474C38135}.Release|Any CPU.ActiveCfg = Release|Any CPU
		{8DE80399-7715-4183-8065-EC6474C38135}.Release|Any CPU.Build.0 = Release|Any CPU
	EndGlobalSection
	GlobalSection(SolutionProperties) = preSolution
		HideSolutionNode = FALSE
	EndGlobalSection
	GlobalSection(ExtensibilityGlobals) = postSolution
		SolutionGuid = {25F0FD5A-04AB-41CF-820E-2C314638DEEA}
	EndGlobalSection
EndGlobal
